// !$*UTF8*$!
{
	archiveVersion = 1;
	classes = {
	};
	objectVersion = 50;
	objects = {

/* Begin PBXBuildFile section */
		0C78BC900CA6F312200A14ED /* Pods_Flix.framework in Frameworks */ = {isa = PBXBuildFile; fileRef = 2AF101AC46D125A9C974CA08 /* Pods_Flix.framework */; };
		261EB2BB2203E99600E2A7DC /* AppDelegate.swift in Sources */ = {isa = PBXBuildFile; fileRef = 261EB2BA2203E99600E2A7DC /* AppDelegate.swift */; };
		261EB2BD2203E99600E2A7DC /* MoviesViewController.swift in Sources */ = {isa = PBXBuildFile; fileRef = 261EB2BC2203E99600E2A7DC /* MoviesViewController.swift */; };
		261EB2C02203E99600E2A7DC /* Main.storyboard in Resources */ = {isa = PBXBuildFile; fileRef = 261EB2BE2203E99600E2A7DC /* Main.storyboard */; };
		261EB2C22203E99800E2A7DC /* Assets.xcassets in Resources */ = {isa = PBXBuildFile; fileRef = 261EB2C12203E99800E2A7DC /* Assets.xcassets */; };
		261EB2C52203E99800E2A7DC /* LaunchScreen.storyboard in Resources */ = {isa = PBXBuildFile; fileRef = 261EB2C32203E99800E2A7DC /* LaunchScreen.storyboard */; };
		261EB2D02203E99800E2A7DC /* FlixTests.swift in Sources */ = {isa = PBXBuildFile; fileRef = 261EB2CF2203E99800E2A7DC /* FlixTests.swift */; };
		261EB2DB2203E99800E2A7DC /* FlixUITests.swift in Sources */ = {isa = PBXBuildFile; fileRef = 261EB2DA2203E99800E2A7DC /* FlixUITests.swift */; };
		261EB2E92203FC4200E2A7DC /* MovieCell.swift in Sources */ = {isa = PBXBuildFile; fileRef = 261EB2E82203FC4200E2A7DC /* MovieCell.swift */; };
		26D692C3220D12CF000F1228 /* MovieDetailsViewController.swift in Sources */ = {isa = PBXBuildFile; fileRef = 26D692C2220D12CF000F1228 /* MovieDetailsViewController.swift */; };
		26D692C5220D2218000F1228 /* MovieGridViewController.swift in Sources */ = {isa = PBXBuildFile; fileRef = 26D692C4220D2218000F1228 /* MovieGridViewController.swift */; };
		26D692C7220D26D0000F1228 /* MovieGridCell.swift in Sources */ = {isa = PBXBuildFile; fileRef = 26D692C6220D26D0000F1228 /* MovieGridCell.swift */; };
		68F7AB3CBA24FA53D09DCA9D /* Pods_FlixUITests.framework in Frameworks */ = {isa = PBXBuildFile; fileRef = 67AD385F54969537583EB6AD /* Pods_FlixUITests.framework */; };
		822EA44EFA03E34648E20F1B /* Pods_FlixTests.framework in Frameworks */ = {isa = PBXBuildFile; fileRef = 55618C2E8FE2C1DBE9067290 /* Pods_FlixTests.framework */; };
/* End PBXBuildFile section */

/* Begin PBXContainerItemProxy section */
		261EB2CC2203E99800E2A7DC /* PBXContainerItemProxy */ = {
			isa = PBXContainerItemProxy;
			containerPortal = 261EB2AF2203E99600E2A7DC /* Project object */;
			proxyType = 1;
			remoteGlobalIDString = 261EB2B62203E99600E2A7DC;
			remoteInfo = Flix;
		};
		261EB2D72203E99800E2A7DC /* PBXContainerItemProxy */ = {
			isa = PBXContainerItemProxy;
			containerPortal = 261EB2AF2203E99600E2A7DC /* Project object */;
			proxyType = 1;
			remoteGlobalIDString = 261EB2B62203E99600E2A7DC;
			remoteInfo = Flix;
		};
/* End PBXContainerItemProxy section */

/* Begin PBXFileReference section */
		261EB2B72203E99600E2A7DC /* Flix.app */ = {isa = PBXFileReference; explicitFileType = wrapper.application; includeInIndex = 0; path = Flix.app; sourceTree = BUILT_PRODUCTS_DIR; };
		261EB2BA2203E99600E2A7DC /* AppDelegate.swift */ = {isa = PBXFileReference; lastKnownFileType = sourcecode.swift; path = AppDelegate.swift; sourceTree = "<group>"; };
		261EB2BC2203E99600E2A7DC /* MoviesViewController.swift */ = {isa = PBXFileReference; lastKnownFileType = sourcecode.swift; path = MoviesViewController.swift; sourceTree = "<group>"; };
		261EB2BF2203E99600E2A7DC /* Base */ = {isa = PBXFileReference; lastKnownFileType = file.storyboard; name = Base; path = Base.lproj/Main.storyboard; sourceTree = "<group>"; };
		261EB2C12203E99800E2A7DC /* Assets.xcassets */ = {isa = PBXFileReference; lastKnownFileType = folder.assetcatalog; path = Assets.xcassets; sourceTree = "<group>"; };
		261EB2C42203E99800E2A7DC /* Base */ = {isa = PBXFileReference; lastKnownFileType = file.storyboard; name = Base; path = Base.lproj/LaunchScreen.storyboard; sourceTree = "<group>"; };
		261EB2C62203E99800E2A7DC /* Info.plist */ = {isa = PBXFileReference; lastKnownFileType = text.plist.xml; path = Info.plist; sourceTree = "<group>"; };
		261EB2CB2203E99800E2A7DC /* FlixTests.xctest */ = {isa = PBXFileReference; explicitFileType = wrapper.cfbundle; includeInIndex = 0; path = FlixTests.xctest; sourceTree = BUILT_PRODUCTS_DIR; };
		261EB2CF2203E99800E2A7DC /* FlixTests.swift */ = {isa = PBXFileReference; lastKnownFileType = sourcecode.swift; path = FlixTests.swift; sourceTree = "<group>"; };
		261EB2D12203E99800E2A7DC /* Info.plist */ = {isa = PBXFileReference; lastKnownFileType = text.plist.xml; path = Info.plist; sourceTree = "<group>"; };
		261EB2D62203E99800E2A7DC /* FlixUITests.xctest */ = {isa = PBXFileReference; explicitFileType = wrapper.cfbundle; includeInIndex = 0; path = FlixUITests.xctest; sourceTree = BUILT_PRODUCTS_DIR; };
		261EB2DA2203E99800E2A7DC /* FlixUITests.swift */ = {isa = PBXFileReference; lastKnownFileType = sourcecode.swift; path = FlixUITests.swift; sourceTree = "<group>"; };
		261EB2DC2203E99800E2A7DC /* Info.plist */ = {isa = PBXFileReference; lastKnownFileType = text.plist.xml; path = Info.plist; sourceTree = "<group>"; };
		261EB2E82203FC4200E2A7DC /* MovieCell.swift */ = {isa = PBXFileReference; lastKnownFileType = sourcecode.swift; path = MovieCell.swift; sourceTree = "<group>"; };
		26D692C2220D12CF000F1228 /* MovieDetailsViewController.swift */ = {isa = PBXFileReference; lastKnownFileType = sourcecode.swift; path = MovieDetailsViewController.swift; sourceTree = "<group>"; };
		26D692C4220D2218000F1228 /* MovieGridViewController.swift */ = {isa = PBXFileReference; lastKnownFileType = sourcecode.swift; path = MovieGridViewController.swift; sourceTree = "<group>"; };
		26D692C6220D26D0000F1228 /* MovieGridCell.swift */ = {isa = PBXFileReference; lastKnownFileType = sourcecode.swift; path = MovieGridCell.swift; sourceTree = "<group>"; };
		2AF101AC46D125A9C974CA08 /* Pods_Flix.framework */ = {isa = PBXFileReference; explicitFileType = wrapper.framework; includeInIndex = 0; path = Pods_Flix.framework; sourceTree = BUILT_PRODUCTS_DIR; };
		2CB3FCA9E48555B57F84A05D /* Pods-FlixUITests.debug.xcconfig */ = {isa = PBXFileReference; includeInIndex = 1; lastKnownFileType = text.xcconfig; name = "Pods-FlixUITests.debug.xcconfig"; path = "Pods/Target Support Files/Pods-FlixUITests/Pods-FlixUITests.debug.xcconfig"; sourceTree = "<group>"; };
		55618C2E8FE2C1DBE9067290 /* Pods_FlixTests.framework */ = {isa = PBXFileReference; explicitFileType = wrapper.framework; includeInIndex = 0; path = Pods_FlixTests.framework; sourceTree = BUILT_PRODUCTS_DIR; };
		67AD385F54969537583EB6AD /* Pods_FlixUITests.framework */ = {isa = PBXFileReference; explicitFileType = wrapper.framework; includeInIndex = 0; path = Pods_FlixUITests.framework; sourceTree = BUILT_PRODUCTS_DIR; };
		745EC3E05E6254A5F4F0741F /* Pods-FlixTests.release.xcconfig */ = {isa = PBXFileReference; includeInIndex = 1; lastKnownFileType = text.xcconfig; name = "Pods-FlixTests.release.xcconfig"; path = "Pods/Target Support Files/Pods-FlixTests/Pods-FlixTests.release.xcconfig"; sourceTree = "<group>"; };
		8ECA023A630844AF19F46EEE /* Pods-FlixUITests.release.xcconfig */ = {isa = PBXFileReference; includeInIndex = 1; lastKnownFileType = text.xcconfig; name = "Pods-FlixUITests.release.xcconfig"; path = "Pods/Target Support Files/Pods-FlixUITests/Pods-FlixUITests.release.xcconfig"; sourceTree = "<group>"; };
		B40972331BED3F0D05AB7561 /* Pods-FlixTests.debug.xcconfig */ = {isa = PBXFileReference; includeInIndex = 1; lastKnownFileType = text.xcconfig; name = "Pods-FlixTests.debug.xcconfig"; path = "Pods/Target Support Files/Pods-FlixTests/Pods-FlixTests.debug.xcconfig"; sourceTree = "<group>"; };
		D01B51D1B2D5365017D8A1BC /* Pods-Flix.debug.xcconfig */ = {isa = PBXFileReference; includeInIndex = 1; lastKnownFileType = text.xcconfig; name = "Pods-Flix.debug.xcconfig"; path = "Pods/Target Support Files/Pods-Flix/Pods-Flix.debug.xcconfig"; sourceTree = "<group>"; };
		F1FAE8FBA9A404E695201C7D /* Pods-Flix.release.xcconfig */ = {isa = PBXFileReference; includeInIndex = 1; lastKnownFileType = text.xcconfig; name = "Pods-Flix.release.xcconfig"; path = "Pods/Target Support Files/Pods-Flix/Pods-Flix.release.xcconfig"; sourceTree = "<group>"; };
/* End PBXFileReference section */

/* Begin PBXFrameworksBuildPhase section */
		261EB2B42203E99600E2A7DC /* Frameworks */ = {
			isa = PBXFrameworksBuildPhase;
			buildActionMask = 2147483647;
			files = (
				0C78BC900CA6F312200A14ED /* Pods_Flix.framework in Frameworks */,
			);
			runOnlyForDeploymentPostprocessing = 0;
		};
		261EB2C82203E99800E2A7DC /* Frameworks */ = {
			isa = PBXFrameworksBuildPhase;
			buildActionMask = 2147483647;
			files = (
				822EA44EFA03E34648E20F1B /* Pods_FlixTests.framework in Frameworks */,
			);
			runOnlyForDeploymentPostprocessing = 0;
		};
		261EB2D32203E99800E2A7DC /* Frameworks */ = {
			isa = PBXFrameworksBuildPhase;
			buildActionMask = 2147483647;
			files = (
				68F7AB3CBA24FA53D09DCA9D /* Pods_FlixUITests.framework in Frameworks */,
			);
			runOnlyForDeploymentPostprocessing = 0;
		};
/* End PBXFrameworksBuildPhase section */

/* Begin PBXGroup section */
		261EB2AE2203E99600E2A7DC = {
			isa = PBXGroup;
			children = (
				261EB2B92203E99600E2A7DC /* Flix */,
				261EB2CE2203E99800E2A7DC /* FlixTests */,
				261EB2D92203E99800E2A7DC /* FlixUITests */,
				261EB2B82203E99600E2A7DC /* Products */,
				C6513E59EE9BFD5B3FDA6054 /* Pods */,
				7039B7C8A878FA32FEEEEEAA /* Frameworks */,
			);
			sourceTree = "<group>";
		};
		261EB2B82203E99600E2A7DC /* Products */ = {
			isa = PBXGroup;
			children = (
				261EB2B72203E99600E2A7DC /* Flix.app */,
				261EB2CB2203E99800E2A7DC /* FlixTests.xctest */,
				261EB2D62203E99800E2A7DC /* FlixUITests.xctest */,
			);
			name = Products;
			sourceTree = "<group>";
		};
		261EB2B92203E99600E2A7DC /* Flix */ = {
			isa = PBXGroup;
			children = (
				261EB2BA2203E99600E2A7DC /* AppDelegate.swift */,
				261EB2BC2203E99600E2A7DC /* MoviesViewController.swift */,
				261EB2BE2203E99600E2A7DC /* Main.storyboard */,
				261EB2C12203E99800E2A7DC /* Assets.xcassets */,
				261EB2C32203E99800E2A7DC /* LaunchScreen.storyboard */,
				261EB2C62203E99800E2A7DC /* Info.plist */,
				261EB2E82203FC4200E2A7DC /* MovieCell.swift */,
				26D692C2220D12CF000F1228 /* MovieDetailsViewController.swift */,
				26D692C4220D2218000F1228 /* MovieGridViewController.swift */,
				26D692C6220D26D0000F1228 /* MovieGridCell.swift */,
			);
			path = Flix;
			sourceTree = "<group>";
		};
		261EB2CE2203E99800E2A7DC /* FlixTests */ = {
			isa = PBXGroup;
			children = (
				261EB2CF2203E99800E2A7DC /* FlixTests.swift */,
				261EB2D12203E99800E2A7DC /* Info.plist */,
			);
			path = FlixTests;
			sourceTree = "<group>";
		};
		261EB2D92203E99800E2A7DC /* FlixUITests */ = {
			isa = PBXGroup;
			children = (
				261EB2DA2203E99800E2A7DC /* FlixUITests.swift */,
				261EB2DC2203E99800E2A7DC /* Info.plist */,
			);
			path = FlixUITests;
			sourceTree = "<group>";
		};
		7039B7C8A878FA32FEEEEEAA /* Frameworks */ = {
			isa = PBXGroup;
			children = (
				2AF101AC46D125A9C974CA08 /* Pods_Flix.framework */,
				55618C2E8FE2C1DBE9067290 /* Pods_FlixTests.framework */,
				67AD385F54969537583EB6AD /* Pods_FlixUITests.framework */,
			);
			name = Frameworks;
			sourceTree = "<group>";
		};
		C6513E59EE9BFD5B3FDA6054 /* Pods */ = {
			isa = PBXGroup;
			children = (
				D01B51D1B2D5365017D8A1BC /* Pods-Flix.debug.xcconfig */,
				F1FAE8FBA9A404E695201C7D /* Pods-Flix.release.xcconfig */,
				B40972331BED3F0D05AB7561 /* Pods-FlixTests.debug.xcconfig */,
				745EC3E05E6254A5F4F0741F /* Pods-FlixTests.release.xcconfig */,
				2CB3FCA9E48555B57F84A05D /* Pods-FlixUITests.debug.xcconfig */,
				8ECA023A630844AF19F46EEE /* Pods-FlixUITests.release.xcconfig */,
			);
			name = Pods;
			sourceTree = "<group>";
		};
/* End PBXGroup section */

/* Begin PBXNativeTarget section */
		261EB2B62203E99600E2A7DC /* Flix */ = {
			isa = PBXNativeTarget;
			buildConfigurationList = 261EB2DF2203E99800E2A7DC /* Build configuration list for PBXNativeTarget "Flix" */;
			buildPhases = (
				BFC1CBC515D0244AA32AC95C /* [CP] Check Pods Manifest.lock */,
				261EB2B32203E99600E2A7DC /* Sources */,
				261EB2B42203E99600E2A7DC /* Frameworks */,
				261EB2B52203E99600E2A7DC /* Resources */,
				4EDEB2E490CAB4D98DCD65E0 /* [CP] Embed Pods Frameworks */,
			);
			buildRules = (
			);
			dependencies = (
			);
			name = Flix;
			productName = Flix;
			productReference = 261EB2B72203E99600E2A7DC /* Flix.app */;
			productType = "com.apple.product-type.application";
		};
		261EB2CA2203E99800E2A7DC /* FlixTests */ = {
			isa = PBXNativeTarget;
			buildConfigurationList = 261EB2E22203E99800E2A7DC /* Build configuration list for PBXNativeTarget "FlixTests" */;
			buildPhases = (
				1F89ECF1E02943CACDFFE473 /* [CP] Check Pods Manifest.lock */,
				261EB2C72203E99800E2A7DC /* Sources */,
				261EB2C82203E99800E2A7DC /* Frameworks */,
				261EB2C92203E99800E2A7DC /* Resources */,
			);
			buildRules = (
			);
			dependencies = (
				261EB2CD2203E99800E2A7DC /* PBXTargetDependency */,
			);
			name = FlixTests;
			productName = FlixTests;
			productReference = 261EB2CB2203E99800E2A7DC /* FlixTests.xctest */;
			productType = "com.apple.product-type.bundle.unit-test";
		};
		261EB2D52203E99800E2A7DC /* FlixUITests */ = {
			isa = PBXNativeTarget;
			buildConfigurationList = 261EB2E52203E99800E2A7DC /* Build configuration list for PBXNativeTarget "FlixUITests" */;
			buildPhases = (
				C8B27F4EA78C1762185289DE /* [CP] Check Pods Manifest.lock */,
				261EB2D22203E99800E2A7DC /* Sources */,
				261EB2D32203E99800E2A7DC /* Frameworks */,
				261EB2D42203E99800E2A7DC /* Resources */,
			);
			buildRules = (
			);
			dependencies = (
				261EB2D82203E99800E2A7DC /* PBXTargetDependency */,
			);
			name = FlixUITests;
			productName = FlixUITests;
			productReference = 261EB2D62203E99800E2A7DC /* FlixUITests.xctest */;
			productType = "com.apple.product-type.bundle.ui-testing";
		};
/* End PBXNativeTarget section */

/* Begin PBXProject section */
		261EB2AF2203E99600E2A7DC /* Project object */ = {
			isa = PBXProject;
			attributes = {
				LastSwiftUpdateCheck = 1010;
				LastUpgradeCheck = 1010;
				ORGANIZATIONNAME = "RACHEL WURMBRAND";
				TargetAttributes = {
					261EB2B62203E99600E2A7DC = {
						CreatedOnToolsVersion = 10.1;
					};
					261EB2CA2203E99800E2A7DC = {
						CreatedOnToolsVersion = 10.1;
						TestTargetID = 261EB2B62203E99600E2A7DC;
					};
					261EB2D52203E99800E2A7DC = {
						CreatedOnToolsVersion = 10.1;
						TestTargetID = 261EB2B62203E99600E2A7DC;
					};
				};
			};
			buildConfigurationList = 261EB2B22203E99600E2A7DC /* Build configuration list for PBXProject "Flix" */;
			compatibilityVersion = "Xcode 9.3";
			developmentRegion = en;
			hasScannedForEncodings = 0;
			knownRegions = (
				en,
				Base,
			);
			mainGroup = 261EB2AE2203E99600E2A7DC;
			productRefGroup = 261EB2B82203E99600E2A7DC /* Products */;
			projectDirPath = "";
			projectRoot = "";
			targets = (
				261EB2B62203E99600E2A7DC /* Flix */,
				261EB2CA2203E99800E2A7DC /* FlixTests */,
				261EB2D52203E99800E2A7DC /* FlixUITests */,
			);
		};
/* End PBXProject section */

/* Begin PBXResourcesBuildPhase section */
		261EB2B52203E99600E2A7DC /* Resources */ = {
			isa = PBXResourcesBuildPhase;
			buildActionMask = 2147483647;
			files = (
				261EB2C52203E99800E2A7DC /* LaunchScreen.storyboard in Resources */,
				261EB2C22203E99800E2A7DC /* Assets.xcassets in Resources */,
				261EB2C02203E99600E2A7DC /* Main.storyboard in Resources */,
			);
			runOnlyForDeploymentPostprocessing = 0;
		};
		261EB2C92203E99800E2A7DC /* Resources */ = {
			isa = PBXResourcesBuildPhase;
			buildActionMask = 2147483647;
			files = (
			);
			runOnlyForDeploymentPostprocessing = 0;
		};
		261EB2D42203E99800E2A7DC /* Resources */ = {
			isa = PBXResourcesBuildPhase;
			buildActionMask = 2147483647;
			files = (
			);
			runOnlyForDeploymentPostprocessing = 0;
		};
/* End PBXResourcesBuildPhase section */

/* Begin PBXShellScriptBuildPhase section */
		1F89ECF1E02943CACDFFE473 /* [CP] Check Pods Manifest.lock */ = {
			isa = PBXShellScriptBuildPhase;
			buildActionMask = 2147483647;
			files = (
			);
			inputFileListPaths = (
			);
			inputPaths = (
				"${PODS_PODFILE_DIR_PATH}/Podfile.lock",
				"${PODS_ROOT}/Manifest.lock",
			);
			name = "[CP] Check Pods Manifest.lock";
			outputFileListPaths = (
			);
			outputPaths = (
				"$(DERIVED_FILE_DIR)/Pods-FlixTests-checkManifestLockResult.txt",
			);
			runOnlyForDeploymentPostprocessing = 0;
			shellPath = /bin/sh;
			shellScript = "diff \"${PODS_PODFILE_DIR_PATH}/Podfile.lock\" \"${PODS_ROOT}/Manifest.lock\" > /dev/null\nif [ $? != 0 ] ; then\n    # print error to STDERR\n    echo \"error: The sandbox is not in sync with the Podfile.lock. Run 'pod install' or update your CocoaPods installation.\" >&2\n    exit 1\nfi\n# This output is used by Xcode 'outputs' to avoid re-running this script phase.\necho \"SUCCESS\" > \"${SCRIPT_OUTPUT_FILE_0}\"\n";
			showEnvVarsInLog = 0;
		};
		4EDEB2E490CAB4D98DCD65E0 /* [CP] Embed Pods Frameworks */ = {
			isa = PBXShellScriptBuildPhase;
			buildActionMask = 2147483647;
			files = (
			);
			inputFileListPaths = (
			);
			inputPaths = (
				"${SRCROOT}/Pods/Target Support Files/Pods-Flix/Pods-Flix-frameworks.sh",
				"${BUILT_PRODUCTS_DIR}/Alamofire/Alamofire.framework",
				"${BUILT_PRODUCTS_DIR}/AlamofireImage/AlamofireImage.framework",
			);
			name = "[CP] Embed Pods Frameworks";
			outputFileListPaths = (
			);
			outputPaths = (
				"${TARGET_BUILD_DIR}/${FRAMEWORKS_FOLDER_PATH}/Alamofire.framework",
				"${TARGET_BUILD_DIR}/${FRAMEWORKS_FOLDER_PATH}/AlamofireImage.framework",
			);
			runOnlyForDeploymentPostprocessing = 0;
			shellPath = /bin/sh;
			shellScript = "\"${SRCROOT}/Pods/Target Support Files/Pods-Flix/Pods-Flix-frameworks.sh\"\n";
			showEnvVarsInLog = 0;
		};
		BFC1CBC515D0244AA32AC95C /* [CP] Check Pods Manifest.lock */ = {
			isa = PBXShellScriptBuildPhase;
			buildActionMask = 2147483647;
			files = (
			);
			inputFileListPaths = (
			);
			inputPaths = (
				"${PODS_PODFILE_DIR_PATH}/Podfile.lock",
				"${PODS_ROOT}/Manifest.lock",
			);
			name = "[CP] Check Pods Manifest.lock";
			outputFileListPaths = (
			);
			outputPaths = (
				"$(DERIVED_FILE_DIR)/Pods-Flix-checkManifestLockResult.txt",
			);
			runOnlyForDeploymentPostprocessing = 0;
			shellPath = /bin/sh;
			shellScript = "diff \"${PODS_PODFILE_DIR_PATH}/Podfile.lock\" \"${PODS_ROOT}/Manifest.lock\" > /dev/null\nif [ $? != 0 ] ; then\n    # print error to STDERR\n    echo \"error: The sandbox is not in sync with the Podfile.lock. Run 'pod install' or update your CocoaPods installation.\" >&2\n    exit 1\nfi\n# This output is used by Xcode 'outputs' to avoid re-running this script phase.\necho \"SUCCESS\" > \"${SCRIPT_OUTPUT_FILE_0}\"\n";
			showEnvVarsInLog = 0;
		};
		C8B27F4EA78C1762185289DE /* [CP] Check Pods Manifest.lock */ = {
			isa = PBXShellScriptBuildPhase;
			buildActionMask = 2147483647;
			files = (
			);
			inputFileListPaths = (
			);
			inputPaths = (
				"${PODS_PODFILE_DIR_PATH}/Podfile.lock",
				"${PODS_ROOT}/Manifest.lock",
			);
			name = "[CP] Check Pods Manifest.lock";
			outputFileListPaths = (
			);
			outputPaths = (
				"$(DERIVED_FILE_DIR)/Pods-FlixUITests-checkManifestLockResult.txt",
			);
			runOnlyForDeploymentPostprocessing = 0;
			shellPath = /bin/sh;
			shellScript = "diff \"${PODS_PODFILE_DIR_PATH}/Podfile.lock\" \"${PODS_ROOT}/Manifest.lock\" > /dev/null\nif [ $? != 0 ] ; then\n    # print error to STDERR\n    echo \"error: The sandbox is not in sync with the Podfile.lock. Run 'pod install' or update your CocoaPods installation.\" >&2\n    exit 1\nfi\n# This output is used by Xcode 'outputs' to avoid re-running this script phase.\necho \"SUCCESS\" > \"${SCRIPT_OUTPUT_FILE_0}\"\n";
			showEnvVarsInLog = 0;
		};
/* End PBXShellScriptBuildPhase section */

/* Begin PBXSourcesBuildPhase section */
		261EB2B32203E99600E2A7DC /* Sources */ = {
			isa = PBXSourcesBuildPhase;
			buildActionMask = 2147483647;
			files = (
				26D692C5220D2218000F1228 /* MovieGridViewController.swift in Sources */,
				26D692C3220D12CF000F1228 /* MovieDetailsViewController.swift in Sources */,
				261EB2BD2203E99600E2A7DC /* MoviesViewController.swift in Sources */,
				261EB2BB2203E99600E2A7DC /* AppDelegate.swift in Sources */,
				26D692C7220D26D0000F1228 /* MovieGridCell.swift in Sources */,
				261EB2E92203FC4200E2A7DC /* MovieCell.swift in Sources */,
			);
			runOnlyForDeploymentPostprocessing = 0;
		};
		261EB2C72203E99800E2A7DC /* Sources */ = {
			isa = PBXSourcesBuildPhase;
			buildActionMask = 2147483647;
			files = (
				261EB2D02203E99800E2A7DC /* FlixTests.swift in Sources */,
			);
			runOnlyForDeploymentPostprocessing = 0;
		};
		261EB2D22203E99800E2A7DC /* Sources */ = {
			isa = PBXSourcesBuildPhase;
			buildActionMask = 2147483647;
			files = (
				261EB2DB2203E99800E2A7DC /* FlixUITests.swift in Sources */,
			);
			runOnlyForDeploymentPostprocessing = 0;
		};
/* End PBXSourcesBuildPhase section */

/* Begin PBXTargetDependency section */
		261EB2CD2203E99800E2A7DC /* PBXTargetDependency */ = {
			isa = PBXTargetDependency;
			target = 261EB2B62203E99600E2A7DC /* Flix */;
			targetProxy = 261EB2CC2203E99800E2A7DC /* PBXContainerItemProxy */;
		};
		261EB2D82203E99800E2A7DC /* PBXTargetDependency */ = {
			isa = PBXTargetDependency;
			target = 261EB2B62203E99600E2A7DC /* Flix */;
			targetProxy = 261EB2D72203E99800E2A7DC /* PBXContainerItemProxy */;
		};
/* End PBXTargetDependency section */

/* Begin PBXVariantGroup section */
		261EB2BE2203E99600E2A7DC /* Main.storyboard */ = {
			isa = PBXVariantGroup;
			children = (
				261EB2BF2203E99600E2A7DC /* Base */,
			);
			name = Main.storyboard;
			sourceTree = "<group>";
		};
		261EB2C32203E99800E2A7DC /* LaunchScreen.storyboard */ = {
			isa = PBXVariantGroup;
			children = (
				261EB2C42203E99800E2A7DC /* Base */,
			);
			name = LaunchScreen.storyboard;
			sourceTree = "<group>";
		};
/* End PBXVariantGroup section */

/* Begin XCBuildConfiguration section */
		261EB2DD2203E99800E2A7DC /* Debug */ = {
			isa = XCBuildConfiguration;
			buildSettings = {
				ALWAYS_SEARCH_USER_PATHS = NO;
				CLANG_ANALYZER_NONNULL = YES;
				CLANG_ANALYZER_NUMBER_OBJECT_CONVERSION = YES_AGGRESSIVE;
				CLANG_CXX_LANGUAGE_STANDARD = "gnu++14";
				CLANG_CXX_LIBRARY = "libc++";
				CLANG_ENABLE_MODULES = YES;
				CLANG_ENABLE_OBJC_ARC = YES;
				CLANG_ENABLE_OBJC_WEAK = YES;
				CLANG_WARN_BLOCK_CAPTURE_AUTORELEASING = YES;
				CLANG_WARN_BOOL_CONVERSION = YES;
				CLANG_WARN_COMMA = YES;
				CLANG_WARN_CONSTANT_CONVERSION = YES;
				CLANG_WARN_DEPRECATED_OBJC_IMPLEMENTATIONS = YES;
				CLANG_WARN_DIRECT_OBJC_ISA_USAGE = YES_ERROR;
				CLANG_WARN_DOCUMENTATION_COMMENTS = YES;
				CLANG_WARN_EMPTY_BODY = YES;
				CLANG_WARN_ENUM_CONVERSION = YES;
				CLANG_WARN_INFINITE_RECURSION = YES;
				CLANG_WARN_INT_CONVERSION = YES;
				CLANG_WARN_NON_LITERAL_NULL_CONVERSION = YES;
				CLANG_WARN_OBJC_IMPLICIT_RETAIN_SELF = YES;
				CLANG_WARN_OBJC_LITERAL_CONVERSION = YES;
				CLANG_WARN_OBJC_ROOT_CLASS = YES_ERROR;
				CLANG_WARN_RANGE_LOOP_ANALYSIS = YES;
				CLANG_WARN_STRICT_PROTOTYPES = YES;
				CLANG_WARN_SUSPICIOUS_MOVE = YES;
				CLANG_WARN_UNGUARDED_AVAILABILITY = YES_AGGRESSIVE;
				CLANG_WARN_UNREACHABLE_CODE = YES;
				CLANG_WARN__DUPLICATE_METHOD_MATCH = YES;
				CODE_SIGN_IDENTITY = "iPhone Developer";
				COPY_PHASE_STRIP = NO;
				DEBUG_INFORMATION_FORMAT = dwarf;
				ENABLE_STRICT_OBJC_MSGSEND = YES;
				ENABLE_TESTABILITY = YES;
				GCC_C_LANGUAGE_STANDARD = gnu11;
				GCC_DYNAMIC_NO_PIC = NO;
				GCC_NO_COMMON_BLOCKS = YES;
				GCC_OPTIMIZATION_LEVEL = 0;
				GCC_PREPROCESSOR_DEFINITIONS = (
					"DEBUG=1",
					"$(inherited)",
				);
				GCC_WARN_64_TO_32_BIT_CONVERSION = YES;
				GCC_WARN_ABOUT_RETURN_TYPE = YES_ERROR;
				GCC_WARN_UNDECLARED_SELECTOR = YES;
				GCC_WARN_UNINITIALIZED_AUTOS = YES_AGGRESSIVE;
				GCC_WARN_UNUSED_FUNCTION = YES;
				GCC_WARN_UNUSED_VARIABLE = YES;
				IPHONEOS_DEPLOYMENT_TARGET = 12.1;
				MTL_ENABLE_DEBUG_INFO = INCLUDE_SOURCE;
				MTL_FAST_MATH = YES;
				ONLY_ACTIVE_ARCH = YES;
				SDKROOT = iphoneos;
				SWIFT_ACTIVE_COMPILATION_CONDITIONS = DEBUG;
				SWIFT_OPTIMIZATION_LEVEL = "-Onone";
			};
			name = Debug;
		};
		261EB2DE2203E99800E2A7DC /* Release */ = {
			isa = XCBuildConfiguration;
			buildSettings = {
				ALWAYS_SEARCH_USER_PATHS = NO;
				CLANG_ANALYZER_NONNULL = YES;
				CLANG_ANALYZER_NUMBER_OBJECT_CONVERSION = YES_AGGRESSIVE;
				CLANG_CXX_LANGUAGE_STANDARD = "gnu++14";
				CLANG_CXX_LIBRARY = "libc++";
				CLANG_ENABLE_MODULES = YES;
				CLANG_ENABLE_OBJC_ARC = YES;
				CLANG_ENABLE_OBJC_WEAK = YES;
				CLANG_WARN_BLOCK_CAPTURE_AUTORELEASING = YES;
				CLANG_WARN_BOOL_CONVERSION = YES;
				CLANG_WARN_COMMA = YES;
				CLANG_WARN_CONSTANT_CONVERSION = YES;
				CLANG_WARN_DEPRECATED_OBJC_IMPLEMENTATIONS = YES;
				CLANG_WARN_DIRECT_OBJC_ISA_USAGE = YES_ERROR;
				CLANG_WARN_DOCUMENTATION_COMMENTS = YES;
				CLANG_WARN_EMPTY_BODY = YES;
				CLANG_WARN_ENUM_CONVERSION = YES;
				CLANG_WARN_INFINITE_RECURSION = YES;
				CLANG_WARN_INT_CONVERSION = YES;
				CLANG_WARN_NON_LITERAL_NULL_CONVERSION = YES;
				CLANG_WARN_OBJC_IMPLICIT_RETAIN_SELF = YES;
				CLANG_WARN_OBJC_LITERAL_CONVERSION = YES;
				CLANG_WARN_OBJC_ROOT_CLASS = YES_ERROR;
				CLANG_WARN_RANGE_LOOP_ANALYSIS = YES;
				CLANG_WARN_STRICT_PROTOTYPES = YES;
				CLANG_WARN_SUSPICIOUS_MOVE = YES;
				CLANG_WARN_UNGUARDED_AVAILABILITY = YES_AGGRESSIVE;
				CLANG_WARN_UNREACHABLE_CODE = YES;
				CLANG_WARN__DUPLICATE_METHOD_MATCH = YES;
				CODE_SIGN_IDENTITY = "iPhone Developer";
				COPY_PHASE_STRIP = NO;
				DEBUG_INFORMATION_FORMAT = "dwarf-with-dsym";
				ENABLE_NS_ASSERTIONS = NO;
				ENABLE_STRICT_OBJC_MSGSEND = YES;
				GCC_C_LANGUAGE_STANDARD = gnu11;
				GCC_NO_COMMON_BLOCKS = YES;
				GCC_WARN_64_TO_32_BIT_CONVERSION = YES;
				GCC_WARN_ABOUT_RETURN_TYPE = YES_ERROR;
				GCC_WARN_UNDECLARED_SELECTOR = YES;
				GCC_WARN_UNINITIALIZED_AUTOS = YES_AGGRESSIVE;
				GCC_WARN_UNUSED_FUNCTION = YES;
				GCC_WARN_UNUSED_VARIABLE = YES;
				IPHONEOS_DEPLOYMENT_TARGET = 12.1;
				MTL_ENABLE_DEBUG_INFO = NO;
				MTL_FAST_MATH = YES;
				SDKROOT = iphoneos;
				SWIFT_COMPILATION_MODE = wholemodule;
				SWIFT_OPTIMIZATION_LEVEL = "-O";
				VALIDATE_PRODUCT = YES;
			};
			name = Release;
		};
		261EB2E02203E99800E2A7DC /* Debug */ = {
			isa = XCBuildConfiguration;
			baseConfigurationReference = D01B51D1B2D5365017D8A1BC /* Pods-Flix.debug.xcconfig */;
			buildSettings = {
				ASSETCATALOG_COMPILER_APPICON_NAME = AppIcon;
				CODE_SIGN_STYLE = Automatic;
				INFOPLIST_FILE = Flix/Info.plist;
				LD_RUNPATH_SEARCH_PATHS = (
					"$(inherited)",
					"@executable_path/Frameworks",
				);
				PRODUCT_BUNDLE_IDENTIFIER = CIT238B.Flix;
				PRODUCT_NAME = "$(TARGET_NAME)";
				SWIFT_VERSION = 4.2;
				TARGETED_DEVICE_FAMILY = "1,2";
			};
			name = Debug;
		};
		261EB2E12203E99800E2A7DC /* Release */ = {
			isa = XCBuildConfiguration;
			baseConfigurationReference = F1FAE8FBA9A404E695201C7D /* Pods-Flix.release.xcconfig */;
			buildSettings = {
				ASSETCATALOG_COMPILER_APPICON_NAME = AppIcon;
				CODE_SIGN_STYLE = Automatic;
				INFOPLIST_FILE = Flix/Info.plist;
				LD_RUNPATH_SEARCH_PATHS = (
					"$(inherited)",
					"@executable_path/Frameworks",
				);
				PRODUCT_BUNDLE_IDENTIFIER = CIT238B.Flix;
				PRODUCT_NAME = "$(TARGET_NAME)";
				SWIFT_VERSION = 4.2;
				TARGETED_DEVICE_FAMILY = "1,2";
			};
			name = Release;
		};
		261EB2E32203E99800E2A7DC /* Debug */ = {
			isa = XCBuildConfiguration;
			baseConfigurationReference = B40972331BED3F0D05AB7561 /* Pods-FlixTests.debug.xcconfig */;
			buildSettings = {
				ALWAYS_EMBED_SWIFT_STANDARD_LIBRARIES = YES;
				BUNDLE_LOADER = "$(TEST_HOST)";
				CODE_SIGN_STYLE = Automatic;
				INFOPLIST_FILE = FlixTests/Info.plist;
				LD_RUNPATH_SEARCH_PATHS = (
					"$(inherited)",
					"@executable_path/Frameworks",
					"@loader_path/Frameworks",
				);
				PRODUCT_BUNDLE_IDENTIFIER = CIT238B.FlixTests;
				PRODUCT_NAME = "$(TARGET_NAME)";
				SWIFT_VERSION = 4.2;
				TARGETED_DEVICE_FAMILY = "1,2";
				TEST_HOST = "$(BUILT_PRODUCTS_DIR)/Flix.app/Flix";
			};
			name = Debug;
		};
		261EB2E42203E99800E2A7DC /* Release */ = {
			isa = XCBuildConfiguration;
			baseConfigurationReference = 745EC3E05E6254A5F4F0741F /* Pods-FlixTests.release.xcconfig */;
			buildSettings = {
				ALWAYS_EMBED_SWIFT_STANDARD_LIBRARIES = YES;
				BUNDLE_LOADER = "$(TEST_HOST)";
				CODE_SIGN_STYLE = Automatic;
				INFOPLIST_FILE = FlixTests/Info.plist;
				LD_RUNPATH_SEARCH_PATHS = (
					"$(inherited)",
					"@executable_path/Frameworks",
					"@loader_path/Frameworks",
				);
				PRODUCT_BUNDLE_IDENTIFIER = CIT238B.FlixTests;
				PRODUCT_NAME = "$(TARGET_NAME)";
				SWIFT_VERSION = 4.2;
				TARGETED_DEVICE_FAMILY = "1,2";
				TEST_HOST = "$(BUILT_PRODUCTS_DIR)/Flix.app/Flix";
			};
			name = Release;
		};
		261EB2E62203E99800E2A7DC /* Debug */ = {
			isa = XCBuildConfiguration;
			baseConfigurationReference = 2CB3FCA9E48555B57F84A05D /* Pods-FlixUITests.debug.xcconfig */;
			buildSettings = {
				ALWAYS_EMBED_SWIFT_STANDARD_LIBRARIES = YES;
				CODE_SIGN_STYLE = Automatic;
				INFOPLIST_FILE = FlixUITests/Info.plist;
				LD_RUNPATH_SEARCH_PATHS = (
					"$(inherited)",
					"@executable_path/Frameworks",
					"@loader_path/Frameworks",
				);
				PRODUCT_BUNDLE_IDENTIFIER = CIT238B.FlixUITests;
				PRODUCT_NAME = "$(TARGET_NAME)";
				SWIFT_VERSION = 4.2;
				TARGETED_DEVICE_FAMILY = "1,2";
				TEST_TARGET_NAME = Flix;
			};
			name = Debug;
		};
		261EB2E72203E99800E2A7DC /* Release */ = {
			isa = XCBuildConfiguration;
			baseConfigurationReference = 8ECA023A630844AF19F46EEE /* Pods-FlixUITests.release.xcconfig */;
			buildSettings = {
				ALWAYS_EMBED_SWIFT_STANDARD_LIBRARIES = YES;
				CODE_SIGN_STYLE = Automatic;
				INFOPLIST_FILE = FlixUITests/Info.plist;
				LD_RUNPATH_SEARCH_PATHS = (
					"$(inherited)",
					"@executable_path/Frameworks",
					"@loader_path/Frameworks",
				);
				PRODUCT_BUNDLE_IDENTIFIER = CIT238B.FlixUITests;
				PRODUCT_NAME = "$(TARGET_NAME)";
				SWIFT_VERSION = 4.2;
				TARGETED_DEVICE_FAMILY = "1,2";
				TEST_TARGET_NAME = Flix;
			};
			name = Release;
		};
/* End XCBuildConfiguration section */

/* Begin XCConfigurationList section */
		261EB2B22203E99600E2A7DC /* Build configuration list for PBXProject "Flix" */ = {
			isa = XCConfigurationList;
			buildConfigurations = (
				261EB2DD2203E99800E2A7DC /* Debug */,
				261EB2DE2203E99800E2A7DC /* Release */,
			);
			defaultConfigurationIsVisible = 0;
			defaultConfigurationName = Release;
		};
		261EB2DF2203E99800E2A7DC /* Build configuration list for PBXNativeTarget "Flix" */ = {
			isa = XCConfigurationList;
			buildConfigurations = (
				261EB2E02203E99800E2A7DC /* Debug */,
				261EB2E12203E99800E2A7DC /* Release */,
			);
			defaultConfigurationIsVisible = 0;
			defaultConfigurationName = Release;
		};
		261EB2E22203E99800E2A7DC /* Build configuration list for PBXNativeTarget "FlixTests" */ = {
			isa = XCConfigurationList;
			buildConfigurations = (
				261EB2E32203E99800E2A7DC /* Debug */,
				261EB2E42203E99800E2A7DC /* Release */,
			);
			defaultConfigurationIsVisible = 0;
			defaultConfigurationName = Release;
		};
		261EB2E52203E99800E2A7DC /* Build configuration list for PBXNativeTarget "FlixUITests" */ = {
			isa = XCConfigurationList;
			buildConfigurations = (
				261EB2E62203E99800E2A7DC /* Debug */,
				261EB2E72203E99800E2A7DC /* Release */,
			);
			defaultConfigurationIsVisible = 0;
			defaultConfigurationName = Release;
		};
/* End XCConfigurationList section */
	};
	rootObject = 261EB2AF2203E99600E2A7DC /* Project object */;
}
